
Microsoft Visual Studio Solution File, Format Version 12.00
# Visual Studio Version 17
VisualStudioVersion = 17.9.34701.34
MinimumVisualStudioVersion = 10.0.40219.1
Project("{FAE04EC0-301F-11D3-BF4B-00C04F79EFBC}") = "ConsoleApp", "ConsoleApp\ConsoleApp.csproj", "{652F5835-7909-4EB5-AD33-0254552A2DDE}"
EndProject
Project("{FAE04EC0-301F-11D3-BF4B-00C04F79EFBC}") = "Arhchivotexto", "Arhchivotexto\Arhchivotexto.csproj", "{7A7D832D-FC3F-4600-B335-8DC84E016BA5}"
EndProject
Project("{FAE04EC0-301F-11D3-BF4B-00C04F79EFBC}") = "Prueba de Conexion DB", "Prueba de Conexion DB\Prueba de Conexion DB.csproj", "{714C6C08-2896-4C09-8772-7E4E1F00B115}"
EndProject
Project("{FAE04EC0-301F-11D3-BF4B-00C04F79EFBC}") = "Udemy(1)", "Udemy(1)\Udemy(1).csproj", "{3D35B754-D6A7-4DC5-A40B-4D95631F2BCB}"
EndProject
Project("{FAE04EC0-301F-11D3-BF4B-00C04F79EFBC}") = "Ejercicio de Métodos", "Ejercicio de Métodos\Ejercicio de Métodos.csproj", "{1F1E6965-EAD2-4608-8858-856118E2F225}"
EndProject
Project("{FAE04EC0-301F-11D3-BF4B-00C04F79EFBC}") = "App Conversor de Velocidades", "App Conversor de Velocidades\App Conversor de Velocidades.csproj", "{70E46A5F-34F1-478B-81A5-83FA759AF233}"
EndProject
Project("{FAE04EC0-301F-11D3-BF4B-00C04F79EFBC}") = "Escuela APP", "Escuela APP\Escuela APP.csproj", "{2803B6EB-4717-4EE1-8E2C-4A26165E4C70}"
EndProject
Global
	GlobalSection(SolutionConfigurationPlatforms) = preSolution
		Debug|Any CPU = Debug|Any CPU
		Release|Any CPU = Release|Any CPU
	EndGlobalSection
	GlobalSection(ProjectConfigurationPlatforms) = postSolution
		{652F5835-7909-4EB5-AD33-0254552A2DDE}.Debug|Any CPU.ActiveCfg = Debug|Any CPU
		{652F5835-7909-4EB5-AD33-0254552A2DDE}.Debug|Any CPU.Build.0 = Debug|Any CPU
		{652F5835-7909-4EB5-AD33-0254552A2DDE}.Release|Any CPU.ActiveCfg = Release|Any CPU
		{652F5835-7909-4EB5-AD33-0254552A2DDE}.Release|Any CPU.Build.0 = Release|Any CPU
		{7A7D832D-FC3F-4600-B335-8DC84E016BA5}.Debug|Any CPU.ActiveCfg = Debug|Any CPU
		{7A7D832D-FC3F-4600-B335-8DC84E016BA5}.Debug|Any CPU.Build.0 = Debug|Any CPU
		{7A7D832D-FC3F-4600-B335-8DC84E016BA5}.Release|Any CPU.ActiveCfg = Release|Any CPU
		{7A7D832D-FC3F-4600-B335-8DC84E016BA5}.Release|Any CPU.Build.0 = Release|Any CPU
		{714C6C08-2896-4C09-8772-7E4E1F00B115}.Debug|Any CPU.ActiveCfg = Debug|Any CPU
		{714C6C08-2896-4C09-8772-7E4E1F00B115}.Debug|Any CPU.Build.0 = Debug|Any CPU
		{714C6C08-2896-4C09-8772-7E4E1F00B115}.Release|Any CPU.ActiveCfg = Release|Any CPU
		{714C6C08-2896-4C09-8772-7E4E1F00B115}.Release|Any CPU.Build.0 = Release|Any CPU
		{3D35B754-D6A7-4DC5-A40B-4D95631F2BCB}.Debug|Any CPU.ActiveCfg = Debug|Any CPU
		{3D35B754-D6A7-4DC5-A40B-4D95631F2BCB}.Debug|Any CPU.Build.0 = Debug|Any CPU
		{3D35B754-D6A7-4DC5-A40B-4D95631F2BCB}.Release|Any CPU.ActiveCfg = Release|Any CPU
		{3D35B754-D6A7-4DC5-A40B-4D95631F2BCB}.Release|Any CPU.Build.0 = Release|Any CPU
		{1F1E6965-EAD2-4608-8858-856118E2F225}.Debug|Any CPU.ActiveCfg = Debug|Any CPU
		{1F1E6965-EAD2-4608-8858-856118E2F225}.Debug|Any CPU.Build.0 = Debug|Any CPU
		{1F1E6965-EAD2-4608-8858-856118E2F225}.Release|Any CPU.ActiveCfg = Release|Any CPU
		{1F1E6965-EAD2-4608-8858-856118E2F225}.Release|Any CPU.Build.0 = Release|Any CPU
		{70E46A5F-34F1-478B-81A5-83FA759AF233}.Debug|Any CPU.ActiveCfg = Debug|Any CPU
		{70E46A5F-34F1-478B-81A5-83FA759AF233}.Debug|Any CPU.Build.0 = Debug|Any CPU
		{70E46A5F-34F1-478B-81A5-83FA759AF233}.Release|Any CPU.ActiveCfg = Release|Any CPU
		{70E46A5F-34F1-478B-81A5-83FA759AF233}.Release|Any CPU.Build.0 = Release|Any CPU
		{2803B6EB-4717-4EE1-8E2C-4A26165E4C70}.Debug|Any CPU.ActiveCfg = Debug|Any CPU
		{2803B6EB-4717-4EE1-8E2C-4A26165E4C70}.Debug|Any CPU.Build.0 = Debug|Any CPU
		{2803B6EB-4717-4EE1-8E2C-4A26165E4C70}.Release|Any CPU.ActiveCfg = Release|Any CPU
		{2803B6EB-4717-4EE1-8E2C-4A26165E4C70}.Release|Any CPU.Build.0 = Release|Any CPU
	EndGlobalSection
	GlobalSection(SolutionProperties) = preSolution
		HideSolutionNode = FALSE
	EndGlobalSection
	GlobalSection(ExtensibilityGlobals) = postSolution
		SolutionGuid = {79A4BAA2-C641-4E93-B3F2-079486154EFC}
	EndGlobalSection
EndGlobal
